// !$*UTF8*$!
{
	archiveVersion = 1;
	classes = {
	};
	objectVersion = 56;
	objects = {

/* Begin PBXBuildFile section */
		3A9D983C2C0F5F90003EC625 /* Constant.swift in Sources */ = {isa = PBXBuildFile; fileRef = 3A9D983B2C0F5F8F003EC625 /* Constant.swift */; };
		3A9D983F2C0F5FEA003EC625 /* SplashView.swift in Sources */ = {isa = PBXBuildFile; fileRef = 3A9D983E2C0F5FEA003EC625 /* SplashView.swift */; };
		A0B287122C1310CF00723BBF /* TabBarView.swift in Sources */ = {isa = PBXBuildFile; fileRef = A0B287112C1310CF00723BBF /* TabBarView.swift */; };
		A0C04FE92C133F6A0092A246 /* SelfProfileView.swift in Sources */ = {isa = PBXBuildFile; fileRef = A0C04FE82C133F6A0092A246 /* SelfProfileView.swift */; };
		A0C04FEB2C133FA50092A246 /* CircularProfileImageView.swift in Sources */ = {isa = PBXBuildFile; fileRef = A0C04FEA2C133FA50092A246 /* CircularProfileImageView.swift */; };
		A0C04FED2C1340000092A246 /* User.swift in Sources */ = {isa = PBXBuildFile; fileRef = A0C04FEC2C1340000092A246 /* User.swift */; };
		A0C04FEF2C13400A0092A246 /* BaseModel.swift in Sources */ = {isa = PBXBuildFile; fileRef = A0C04FEE2C13400A0092A246 /* BaseModel.swift */; };
		A0C04FF22C1348C30092A246 /* ProfileHeaderView.swift in Sources */ = {isa = PBXBuildFile; fileRef = A0C04FF12C1348C30092A246 /* ProfileHeaderView.swift */; };
		A0C04FF42C13494E0092A246 /* UserContentListView.swift in Sources */ = {isa = PBXBuildFile; fileRef = A0C04FF32C13494E0092A246 /* UserContentListView.swift */; };
		A0C04FF72C134AF80092A246 /* ProfileActivityFilter.swift in Sources */ = {isa = PBXBuildFile; fileRef = A0C04FF62C134AF80092A246 /* ProfileActivityFilter.swift */; };
		A0FE3D792C0F5CC60035374D /* BeeinfoApp.swift in Sources */ = {isa = PBXBuildFile; fileRef = A0FE3D782C0F5CC60035374D /* BeeinfoApp.swift */; };
		A0FE3D7B2C0F5CC60035374D /* ContentView.swift in Sources */ = {isa = PBXBuildFile; fileRef = A0FE3D7A2C0F5CC60035374D /* ContentView.swift */; };
		A0FE3D7D2C0F5CCE0035374D /* Assets.xcassets in Resources */ = {isa = PBXBuildFile; fileRef = A0FE3D7C2C0F5CCE0035374D /* Assets.xcassets */; };
		A0FE3D802C0F5CCE0035374D /* Preview Assets.xcassets in Resources */ = {isa = PBXBuildFile; fileRef = A0FE3D7F2C0F5CCE0035374D /* Preview Assets.xcassets */; };
/* End PBXBuildFile section */

/* Begin PBXFileReference section */
		3A9D983B2C0F5F8F003EC625 /* Constant.swift */ = {isa = PBXFileReference; lastKnownFileType = sourcecode.swift; path = Constant.swift; sourceTree = "<group>"; };
		3A9D983E2C0F5FEA003EC625 /* SplashView.swift */ = {isa = PBXFileReference; lastKnownFileType = sourcecode.swift; path = SplashView.swift; sourceTree = "<group>"; };
		A0B287112C1310CF00723BBF /* TabBarView.swift */ = {isa = PBXFileReference; lastKnownFileType = sourcecode.swift; path = TabBarView.swift; sourceTree = "<group>"; };
		A0C04FE82C133F6A0092A246 /* SelfProfileView.swift */ = {isa = PBXFileReference; lastKnownFileType = sourcecode.swift; path = SelfProfileView.swift; sourceTree = "<group>"; };
		A0C04FEA2C133FA50092A246 /* CircularProfileImageView.swift */ = {isa = PBXFileReference; lastKnownFileType = sourcecode.swift; name = CircularProfileImageView.swift; path = Beeinfo/Core/Profile/View/CircularProfileImageView.swift; sourceTree = SOURCE_ROOT; };
		A0C04FEC2C1340000092A246 /* User.swift */ = {isa = PBXFileReference; lastKnownFileType = sourcecode.swift; name = User.swift; path = Beeinfo/Core/Profile/View/User.swift; sourceTree = SOURCE_ROOT; };
		A0C04FEE2C13400A0092A246 /* BaseModel.swift */ = {isa = PBXFileReference; lastKnownFileType = sourcecode.swift; name = BaseModel.swift; path = Beeinfo/Core/Profile/View/BaseModel.swift; sourceTree = SOURCE_ROOT; };
		A0C04FF12C1348C30092A246 /* ProfileHeaderView.swift */ = {isa = PBXFileReference; lastKnownFileType = sourcecode.swift; path = ProfileHeaderView.swift; sourceTree = "<group>"; };
		A0C04FF32C13494E0092A246 /* UserContentListView.swift */ = {isa = PBXFileReference; lastKnownFileType = sourcecode.swift; path = UserContentListView.swift; sourceTree = "<group>"; };
		A0C04FF62C134AF80092A246 /* ProfileActivityFilter.swift */ = {isa = PBXFileReference; lastKnownFileType = sourcecode.swift; path = ProfileActivityFilter.swift; sourceTree = "<group>"; };
		A0FE3D752C0F5CC60035374D /* Beeinfo.app */ = {isa = PBXFileReference; explicitFileType = wrapper.application; includeInIndex = 0; path = Beeinfo.app; sourceTree = BUILT_PRODUCTS_DIR; };
		A0FE3D782C0F5CC60035374D /* BeeinfoApp.swift */ = {isa = PBXFileReference; lastKnownFileType = sourcecode.swift; path = BeeinfoApp.swift; sourceTree = "<group>"; };
		A0FE3D7A2C0F5CC60035374D /* ContentView.swift */ = {isa = PBXFileReference; lastKnownFileType = sourcecode.swift; path = ContentView.swift; sourceTree = "<group>"; };
		A0FE3D7C2C0F5CCE0035374D /* Assets.xcassets */ = {isa = PBXFileReference; lastKnownFileType = folder.assetcatalog; path = Assets.xcassets; sourceTree = "<group>"; };
		A0FE3D7F2C0F5CCE0035374D /* Preview Assets.xcassets */ = {isa = PBXFileReference; lastKnownFileType = folder.assetcatalog; path = "Preview Assets.xcassets"; sourceTree = "<group>"; };
/* End PBXFileReference section */

/* Begin PBXFrameworksBuildPhase section */
		A0FE3D722C0F5CC60035374D /* Frameworks */ = {
			isa = PBXFrameworksBuildPhase;
			buildActionMask = 2147483647;
			files = (
			);
			runOnlyForDeploymentPostprocessing = 0;
		};
/* End PBXFrameworksBuildPhase section */

/* Begin PBXGroup section */
		3A9D98342C0F5EA0003EC625 /* App */ = {
			isa = PBXGroup;
			children = (
				A0FE3D782C0F5CC60035374D /* BeeinfoApp.swift */,
			);
			path = App;
			sourceTree = "<group>";
		};
		3A9D98352C0F5EB8003EC625 /* Core */ = {
			isa = PBXGroup;
			children = (
				A0C04FE62C133F3C0092A246 /* Profile */,
				A0B287102C1310BF00723BBF /* TabBar */,
				3A9D983D2C0F5FB9003EC625 /* Splash */,
				A0FE3D7A2C0F5CC60035374D /* ContentView.swift */,
			);
			path = Core;
			sourceTree = "<group>";
		};
		3A9D98362C0F5EEE003EC625 /* Components */ = {
			isa = PBXGroup;
			children = (
				A0C04FEA2C133FA50092A246 /* CircularProfileImageView.swift */,
			);
			path = Components;
			sourceTree = "<group>";
		};
		3A9D98372C0F5F36003EC625 /* Extensions */ = {
			isa = PBXGroup;
			children = (
			);
			path = Extensions;
			sourceTree = "<group>";
		};
		3A9D98382C0F5F47003EC625 /* Model */ = {
			isa = PBXGroup;
			children = (
				A0C04FEC2C1340000092A246 /* User.swift */,
				A0C04FEE2C13400A0092A246 /* BaseModel.swift */,
			);
			path = Model;
			sourceTree = "<group>";
		};
		3A9D98392C0F5F51003EC625 /* Services */ = {
			isa = PBXGroup;
			children = (
			);
			path = Services;
			sourceTree = "<group>";
		};
		3A9D983A2C0F5F7A003EC625 /* Utils */ = {
			isa = PBXGroup;
			children = (
				3A9D983B2C0F5F8F003EC625 /* Constant.swift */,
			);
			path = Utils;
			sourceTree = "<group>";
		};
		3A9D983D2C0F5FB9003EC625 /* Splash */ = {
			isa = PBXGroup;
			children = (
				3A9D983E2C0F5FEA003EC625 /* SplashView.swift */,
			);
			path = Splash;
			sourceTree = "<group>";
		};
		A0B287102C1310BF00723BBF /* TabBar */ = {
			isa = PBXGroup;
			children = (
				A0B287112C1310CF00723BBF /* TabBarView.swift */,
			);
			path = TabBar;
			sourceTree = "<group>";
		};
		A0C04FE62C133F3C0092A246 /* Profile */ = {
			isa = PBXGroup;
			children = (
				A0C04FF52C134ADA0092A246 /* Extension */,
				A0C04FF02C1348AE0092A246 /* Component */,
				A0C04FE72C133F420092A246 /* View */,
			);
			path = Profile;
			sourceTree = "<group>";
		};
		A0C04FE72C133F420092A246 /* View */ = {
			isa = PBXGroup;
			children = (
				A0C04FE82C133F6A0092A246 /* SelfProfileView.swift */,
			);
			path = View;
			sourceTree = "<group>";
		};
		A0C04FF02C1348AE0092A246 /* Component */ = {
			isa = PBXGroup;
			children = (
				A0C04FF12C1348C30092A246 /* ProfileHeaderView.swift */,
				A0C04FF32C13494E0092A246 /* UserContentListView.swift */,
			);
			path = Component;
			sourceTree = "<group>";
		};
		A0C04FF52C134ADA0092A246 /* Extension */ = {
			isa = PBXGroup;
			children = (
				A0C04FF62C134AF80092A246 /* ProfileActivityFilter.swift */,
			);
			path = Extension;
			sourceTree = "<group>";
		};
		A0FE3D6C2C0F5CC60035374D = {
			isa = PBXGroup;
			children = (
				A0FE3D772C0F5CC60035374D /* Beeinfo */,
				A0FE3D762C0F5CC60035374D /* Products */,
			);
			sourceTree = "<group>";
		};
		A0FE3D762C0F5CC60035374D /* Products */ = {
			isa = PBXGroup;
			children = (
				A0FE3D752C0F5CC60035374D /* Beeinfo.app */,
			);
			name = Products;
			sourceTree = "<group>";
		};
		A0FE3D772C0F5CC60035374D /* Beeinfo */ = {
			isa = PBXGroup;
			children = (
				3A9D983A2C0F5F7A003EC625 /* Utils */,
				3A9D98392C0F5F51003EC625 /* Services */,
				3A9D98382C0F5F47003EC625 /* Model */,
				3A9D98372C0F5F36003EC625 /* Extensions */,
				3A9D98362C0F5EEE003EC625 /* Components */,
				3A9D98352C0F5EB8003EC625 /* Core */,
				3A9D98342C0F5EA0003EC625 /* App */,
				A0FE3D7C2C0F5CCE0035374D /* Assets.xcassets */,
				A0FE3D7E2C0F5CCE0035374D /* Preview Content */,
			);
			path = Beeinfo;
			sourceTree = "<group>";
		};
		A0FE3D7E2C0F5CCE0035374D /* Preview Content */ = {
			isa = PBXGroup;
			children = (
				A0FE3D7F2C0F5CCE0035374D /* Preview Assets.xcassets */,
			);
			path = "Preview Content";
			sourceTree = "<group>";
		};
/* End PBXGroup section */

/* Begin PBXNativeTarget section */
		A0FE3D742C0F5CC60035374D /* Beeinfo */ = {
			isa = PBXNativeTarget;
			buildConfigurationList = A0FE3D832C0F5CCE0035374D /* Build configuration list for PBXNativeTarget "Beeinfo" */;
			buildPhases = (
				A0FE3D712C0F5CC60035374D /* Sources */,
				A0FE3D722C0F5CC60035374D /* Frameworks */,
				A0FE3D732C0F5CC60035374D /* Resources */,
			);
			buildRules = (
			);
			dependencies = (
			);
			name = Beeinfo;
			productName = Beeinfo;
			productReference = A0FE3D752C0F5CC60035374D /* Beeinfo.app */;
			productType = "com.apple.product-type.application";
		};
/* End PBXNativeTarget section */

/* Begin PBXProject section */
		A0FE3D6D2C0F5CC60035374D /* Project object */ = {
			isa = PBXProject;
			attributes = {
				BuildIndependentTargetsInParallel = 1;
				LastSwiftUpdateCheck = 1530;
				LastUpgradeCheck = 1530;
				TargetAttributes = {
					A0FE3D742C0F5CC60035374D = {
						CreatedOnToolsVersion = 15.3;
					};
				};
			};
			buildConfigurationList = A0FE3D702C0F5CC60035374D /* Build configuration list for PBXProject "Beeinfo" */;
			compatibilityVersion = "Xcode 14.0";
			developmentRegion = en;
			hasScannedForEncodings = 0;
			knownRegions = (
				en,
				Base,
			);
			mainGroup = A0FE3D6C2C0F5CC60035374D;
			productRefGroup = A0FE3D762C0F5CC60035374D /* Products */;
			projectDirPath = "";
			projectRoot = "";
			targets = (
				A0FE3D742C0F5CC60035374D /* Beeinfo */,
			);
		};
/* End PBXProject section */

/* Begin PBXResourcesBuildPhase section */
		A0FE3D732C0F5CC60035374D /* Resources */ = {
			isa = PBXResourcesBuildPhase;
			buildActionMask = 2147483647;
			files = (
				A0FE3D802C0F5CCE0035374D /* Preview Assets.xcassets in Resources */,
				A0FE3D7D2C0F5CCE0035374D /* Assets.xcassets in Resources */,
			);
			runOnlyForDeploymentPostprocessing = 0;
		};
/* End PBXResourcesBuildPhase section */

/* Begin PBXSourcesBuildPhase section */
		A0FE3D712C0F5CC60035374D /* Sources */ = {
			isa = PBXSourcesBuildPhase;
			buildActionMask = 2147483647;
			files = (
				A0C04FEF2C13400A0092A246 /* BaseModel.swift in Sources */,
				A0C04FEB2C133FA50092A246 /* CircularProfileImageView.swift in Sources */,
				A0FE3D7B2C0F5CC60035374D /* ContentView.swift in Sources */,
				3A9D983F2C0F5FEA003EC625 /* SplashView.swift in Sources */,
				A0C04FF42C13494E0092A246 /* UserContentListView.swift in Sources */,
				A0C04FE92C133F6A0092A246 /* SelfProfileView.swift in Sources */,
				A0C04FED2C1340000092A246 /* User.swift in Sources */,
				A0FE3D792C0F5CC60035374D /* BeeinfoApp.swift in Sources */,
				A0C04FF22C1348C30092A246 /* ProfileHeaderView.swift in Sources */,
				A0B287122C1310CF00723BBF /* TabBarView.swift in Sources */,
				A0C04FF72C134AF80092A246 /* ProfileActivityFilter.swift in Sources */,
				3A9D983C2C0F5F90003EC625 /* Constant.swift in Sources */,
			);
			runOnlyForDeploymentPostprocessing = 0;
		};
/* End PBXSourcesBuildPhase section */

/* Begin XCBuildConfiguration section */
		A0FE3D812C0F5CCE0035374D /* Debug */ = {
			isa = XCBuildConfiguration;
			buildSettings = {
				ALWAYS_SEARCH_USER_PATHS = NO;
				ASSETCATALOG_COMPILER_GENERATE_SWIFT_ASSET_SYMBOL_EXTENSIONS = YES;
				CLANG_ANALYZER_NONNULL = YES;
				CLANG_ANALYZER_NUMBER_OBJECT_CONVERSION = YES_AGGRESSIVE;
				CLANG_CXX_LANGUAGE_STANDARD = "gnu++20";
				CLANG_ENABLE_MODULES = YES;
				CLANG_ENABLE_OBJC_ARC = YES;
				CLANG_ENABLE_OBJC_WEAK = YES;
				CLANG_WARN_BLOCK_CAPTURE_AUTORELEASING = YES;
				CLANG_WARN_BOOL_CONVERSION = YES;
				CLANG_WARN_COMMA = YES;
				CLANG_WARN_CONSTANT_CONVERSION = YES;
				CLANG_WARN_DEPRECATED_OBJC_IMPLEMENTATIONS = YES;
				CLANG_WARN_DIRECT_OBJC_ISA_USAGE = YES_ERROR;
				CLANG_WARN_DOCUMENTATION_COMMENTS = YES;
				CLANG_WARN_EMPTY_BODY = YES;
				CLANG_WARN_ENUM_CONVERSION = YES;
				CLANG_WARN_INFINITE_RECURSION = YES;
				CLANG_WARN_INT_CONVERSION = YES;
				CLANG_WARN_NON_LITERAL_NULL_CONVERSION = YES;
				CLANG_WARN_OBJC_IMPLICIT_RETAIN_SELF = YES;
				CLANG_WARN_OBJC_LITERAL_CONVERSION = YES;
				CLANG_WARN_OBJC_ROOT_CLASS = YES_ERROR;
				CLANG_WARN_QUOTED_INCLUDE_IN_FRAMEWORK_HEADER = YES;
				CLANG_WARN_RANGE_LOOP_ANALYSIS = YES;
				CLANG_WARN_STRICT_PROTOTYPES = YES;
				CLANG_WARN_SUSPICIOUS_MOVE = YES;
				CLANG_WARN_UNGUARDED_AVAILABILITY = YES_AGGRESSIVE;
				CLANG_WARN_UNREACHABLE_CODE = YES;
				CLANG_WARN__DUPLICATE_METHOD_MATCH = YES;
				COPY_PHASE_STRIP = NO;
				DEBUG_INFORMATION_FORMAT = dwarf;
				ENABLE_STRICT_OBJC_MSGSEND = YES;
				ENABLE_TESTABILITY = YES;
				ENABLE_USER_SCRIPT_SANDBOXING = YES;
				GCC_C_LANGUAGE_STANDARD = gnu17;
				GCC_DYNAMIC_NO_PIC = NO;
				GCC_NO_COMMON_BLOCKS = YES;
				GCC_OPTIMIZATION_LEVEL = 0;
				GCC_PREPROCESSOR_DEFINITIONS = (
					"DEBUG=1",
					"$(inherited)",
				);
				GCC_WARN_64_TO_32_BIT_CONVERSION = YES;
				GCC_WARN_ABOUT_RETURN_TYPE = YES_ERROR;
				GCC_WARN_UNDECLARED_SELECTOR = YES;
				GCC_WARN_UNINITIALIZED_AUTOS = YES_AGGRESSIVE;
				GCC_WARN_UNUSED_FUNCTION = YES;
				GCC_WARN_UNUSED_VARIABLE = YES;
				IPHONEOS_DEPLOYMENT_TARGET = 17.4;
				LOCALIZATION_PREFERS_STRING_CATALOGS = YES;
				MTL_ENABLE_DEBUG_INFO = INCLUDE_SOURCE;
				MTL_FAST_MATH = YES;
				ONLY_ACTIVE_ARCH = YES;
				SDKROOT = iphoneos;
				SWIFT_ACTIVE_COMPILATION_CONDITIONS = "DEBUG $(inherited)";
				SWIFT_OPTIMIZATION_LEVEL = "-Onone";
			};
			name = Debug;
		};
		A0FE3D822C0F5CCE0035374D /* Release */ = {
			isa = XCBuildConfiguration;
			buildSettings = {
				ALWAYS_SEARCH_USER_PATHS = NO;
				ASSETCATALOG_COMPILER_GENERATE_SWIFT_ASSET_SYMBOL_EXTENSIONS = YES;
				CLANG_ANALYZER_NONNULL = YES;
				CLANG_ANALYZER_NUMBER_OBJECT_CONVERSION = YES_AGGRESSIVE;
				CLANG_CXX_LANGUAGE_STANDARD = "gnu++20";
				CLANG_ENABLE_MODULES = YES;
				CLANG_ENABLE_OBJC_ARC = YES;
				CLANG_ENABLE_OBJC_WEAK = YES;
				CLANG_WARN_BLOCK_CAPTURE_AUTORELEASING = YES;
				CLANG_WARN_BOOL_CONVERSION = YES;
				CLANG_WARN_COMMA = YES;
				CLANG_WARN_CONSTANT_CONVERSION = YES;
				CLANG_WARN_DEPRECATED_OBJC_IMPLEMENTATIONS = YES;
				CLANG_WARN_DIRECT_OBJC_ISA_USAGE = YES_ERROR;
				CLANG_WARN_DOCUMENTATION_COMMENTS = YES;
				CLANG_WARN_EMPTY_BODY = YES;
				CLANG_WARN_ENUM_CONVERSION = YES;
				CLANG_WARN_INFINITE_RECURSION = YES;
				CLANG_WARN_INT_CONVERSION = YES;
				CLANG_WARN_NON_LITERAL_NULL_CONVERSION = YES;
				CLANG_WARN_OBJC_IMPLICIT_RETAIN_SELF = YES;
				CLANG_WARN_OBJC_LITERAL_CONVERSION = YES;
				CLANG_WARN_OBJC_ROOT_CLASS = YES_ERROR;
				CLANG_WARN_QUOTED_INCLUDE_IN_FRAMEWORK_HEADER = YES;
				CLANG_WARN_RANGE_LOOP_ANALYSIS = YES;
				CLANG_WARN_STRICT_PROTOTYPES = YES;
				CLANG_WARN_SUSPICIOUS_MOVE = YES;
				CLANG_WARN_UNGUARDED_AVAILABILITY = YES_AGGRESSIVE;
				CLANG_WARN_UNREACHABLE_CODE = YES;
				CLANG_WARN__DUPLICATE_METHOD_MATCH = YES;
				COPY_PHASE_STRIP = NO;
				DEBUG_INFORMATION_FORMAT = "dwarf-with-dsym";
				ENABLE_NS_ASSERTIONS = NO;
				ENABLE_STRICT_OBJC_MSGSEND = YES;
				ENABLE_USER_SCRIPT_SANDBOXING = YES;
				GCC_C_LANGUAGE_STANDARD = gnu17;
				GCC_NO_COMMON_BLOCKS = YES;
				GCC_WARN_64_TO_32_BIT_CONVERSION = YES;
				GCC_WARN_ABOUT_RETURN_TYPE = YES_ERROR;
				GCC_WARN_UNDECLARED_SELECTOR = YES;
				GCC_WARN_UNINITIALIZED_AUTOS = YES_AGGRESSIVE;
				GCC_WARN_UNUSED_FUNCTION = YES;
				GCC_WARN_UNUSED_VARIABLE = YES;
				IPHONEOS_DEPLOYMENT_TARGET = 17.4;
				LOCALIZATION_PREFERS_STRING_CATALOGS = YES;
				MTL_ENABLE_DEBUG_INFO = NO;
				MTL_FAST_MATH = YES;
				SDKROOT = iphoneos;
				SWIFT_COMPILATION_MODE = wholemodule;
				VALIDATE_PRODUCT = YES;
			};
			name = Release;
		};
		A0FE3D842C0F5CCE0035374D /* Debug */ = {
			isa = XCBuildConfiguration;
			buildSettings = {
				ASSETCATALOG_COMPILER_APPICON_NAME = AppIcon;
				ASSETCATALOG_COMPILER_GLOBAL_ACCENT_COLOR_NAME = AccentColor;
				CODE_SIGN_STYLE = Automatic;
				CURRENT_PROJECT_VERSION = 1;
				DEVELOPMENT_ASSET_PATHS = "\"Beeinfo/Preview Content\"";
				DEVELOPMENT_TEAM = H268PUBW7D;
				ENABLE_PREVIEWS = YES;
				GENERATE_INFOPLIST_FILE = YES;
				INFOPLIST_KEY_UIApplicationSceneManifest_Generation = YES;
				INFOPLIST_KEY_UIApplicationSupportsIndirectInputEvents = YES;
				INFOPLIST_KEY_UILaunchScreen_Generation = YES;
				INFOPLIST_KEY_UISupportedInterfaceOrientations = UIInterfaceOrientationPortrait;
				LD_RUNPATH_SEARCH_PATHS = (
					"$(inherited)",
					"@executable_path/Frameworks",
				);
				MARKETING_VERSION = 1.0;
				PRODUCT_BUNDLE_IDENTIFIER = com.abed.Beeinfo;
				PRODUCT_NAME = "$(TARGET_NAME)";
				SWIFT_EMIT_LOC_STRINGS = YES;
				SWIFT_VERSION = 5.0;
				TARGETED_DEVICE_FAMILY = "1,2";
			};
			name = Debug;
		};
		A0FE3D852C0F5CCE0035374D /* Release */ = {
			isa = XCBuildConfiguration;
			buildSettings = {
				ASSETCATALOG_COMPILER_APPICON_NAME = AppIcon;
				ASSETCATALOG_COMPILER_GLOBAL_ACCENT_COLOR_NAME = AccentColor;
				CODE_SIGN_STYLE = Automatic;
				CURRENT_PROJECT_VERSION = 1;
				DEVELOPMENT_ASSET_PATHS = "\"Beeinfo/Preview Content\"";
				DEVELOPMENT_TEAM = H268PUBW7D;
				ENABLE_PREVIEWS = YES;
				GENERATE_INFOPLIST_FILE = YES;
				INFOPLIST_KEY_UIApplicationSceneManifest_Generation = YES;
				INFOPLIST_KEY_UIApplicationSupportsIndirectInputEvents = YES;
				INFOPLIST_KEY_UILaunchScreen_Generation = YES;
				INFOPLIST_KEY_UISupportedInterfaceOrientations = UIInterfaceOrientationPortrait;
				LD_RUNPATH_SEARCH_PATHS = (
					"$(inherited)",
					"@executable_path/Frameworks",
				);
				MARKETING_VERSION = 1.0;
				PRODUCT_BUNDLE_IDENTIFIER = com.abed.Beeinfo;
				PRODUCT_NAME = "$(TARGET_NAME)";
				SWIFT_EMIT_LOC_STRINGS = YES;
				SWIFT_VERSION = 5.0;
				TARGETED_DEVICE_FAMILY = "1,2";
			};
			name = Release;
		};
/* End XCBuildConfiguration section */

/* Begin XCConfigurationList section */
		A0FE3D702C0F5CC60035374D /* Build configuration list for PBXProject "Beeinfo" */ = {
			isa = XCConfigurationList;
			buildConfigurations = (
				A0FE3D812C0F5CCE0035374D /* Debug */,
				A0FE3D822C0F5CCE0035374D /* Release */,
			);
			defaultConfigurationIsVisible = 0;
			defaultConfigurationName = Release;
		};
		A0FE3D832C0F5CCE0035374D /* Build configuration list for PBXNativeTarget "Beeinfo" */ = {
			isa = XCConfigurationList;
			buildConfigurations = (
				A0FE3D842C0F5CCE0035374D /* Debug */,
				A0FE3D852C0F5CCE0035374D /* Release */,
			);
			defaultConfigurationIsVisible = 0;
			defaultConfigurationName = Release;
		};
/* End XCConfigurationList section */
	};
	rootObject = A0FE3D6D2C0F5CC60035374D /* Project object */;
}
